// !$*UTF8*$!
{
	archiveVersion = 1;
	classes = {
	};
	objectVersion = 77;
	objects = {

/* Begin PBXContainerItemProxy section */
		1C80598E2DA34FAE00A3E487 /* PBXContainerItemProxy */ = {
			isa = PBXContainerItemProxy;
			containerPortal = 1C8059732DA34FAA00A3E487 /* Project object */;
			proxyType = 1;
			remoteGlobalIDString = 1C80597A2DA34FAA00A3E487;
			remoteInfo = PuzzleLocator;
		};
		1C8059982DA34FAF00A3E487 /* PBXContainerItemProxy */ = {
			isa = PBXContainerItemProxy;
			containerPortal = 1C8059732DA34FAA00A3E487 /* Project object */;
			proxyType = 1;
			remoteGlobalIDString = 1C80597A2DA34FAA00A3E487;
			remoteInfo = PuzzleLocator;
		};
/* End PBXContainerItemProxy section */

/* Begin PBXFileReference section */
		1C80597B2DA34FAA00A3E487 /* PuzzleLocator.app */ = {isa = PBXFileReference; explicitFileType = wrapper.application; includeInIndex = 0; path = PuzzleLocator.app; sourceTree = BUILT_PRODUCTS_DIR; };
		1C80598D2DA34FAE00A3E487 /* PuzzleLocatorTests.xctest */ = {isa = PBXFileReference; explicitFileType = wrapper.cfbundle; includeInIndex = 0; path = PuzzleLocatorTests.xctest; sourceTree = BUILT_PRODUCTS_DIR; };
		1C8059972DA34FAF00A3E487 /* PuzzleLocatorUITests.xctest */ = {isa = PBXFileReference; explicitFileType = wrapper.cfbundle; includeInIndex = 0; path = PuzzleLocatorUITests.xctest; sourceTree = BUILT_PRODUCTS_DIR; };
/* End PBXFileReference section */

/* Begin PBXFileSystemSynchronizedRootGroup section */
		1C80597D2DA34FAA00A3E487 /* PuzzleLocator */ = {
			isa = PBXFileSystemSynchronizedRootGroup;
			path = PuzzleLocator;
			sourceTree = "<group>";
		};
		1C8059902DA34FAE00A3E487 /* PuzzleLocatorTests */ = {
			isa = PBXFileSystemSynchronizedRootGroup;
			path = PuzzleLocatorTests;
			sourceTree = "<group>";
		};
		1C80599A2DA34FAF00A3E487 /* PuzzleLocatorUITests */ = {
			isa = PBXFileSystemSynchronizedRootGroup;
			path = PuzzleLocatorUITests;
			sourceTree = "<group>";
		};
/* End PBXFileSystemSynchronizedRootGroup section */

/* Begin PBXFrameworksBuildPhase section */
		1C8059782DA34FAA00A3E487 /* Frameworks */ = {
			isa = PBXFrameworksBuildPhase;
			buildActionMask = 2147483647;
			files = (
			);
			runOnlyForDeploymentPostprocessing = 0;
		};
		1C80598A2DA34FAE00A3E487 /* Frameworks */ = {
			isa = PBXFrameworksBuildPhase;
			buildActionMask = 2147483647;
			files = (
			);
			runOnlyForDeploymentPostprocessing = 0;
		};
		1C8059942DA34FAF00A3E487 /* Frameworks */ = {
			isa = PBXFrameworksBuildPhase;
			buildActionMask = 2147483647;
			files = (
			);
			runOnlyForDeploymentPostprocessing = 0;
		};
/* End PBXFrameworksBuildPhase section */

/* Begin PBXGroup section */
		1C8059722DA34FAA00A3E487 = {
			isa = PBXGroup;
			children = (
				1C80597D2DA34FAA00A3E487 /* PuzzleLocator */,
				1C8059902DA34FAE00A3E487 /* PuzzleLocatorTests */,
				1C80599A2DA34FAF00A3E487 /* PuzzleLocatorUITests */,
				1C80597C2DA34FAA00A3E487 /* Products */,
			);
			sourceTree = "<group>";
		};
		1C80597C2DA34FAA00A3E487 /* Products */ = {
			isa = PBXGroup;
			children = (
				1C80597B2DA34FAA00A3E487 /* PuzzleLocator.app */,
				1C80598D2DA34FAE00A3E487 /* PuzzleLocatorTests.xctest */,
				1C8059972DA34FAF00A3E487 /* PuzzleLocatorUITests.xctest */,
			);
			name = Products;
			sourceTree = "<group>";
		};
/* End PBXGroup section */

/* Begin PBXNativeTarget section */
		1C80597A2DA34FAA00A3E487 /* PuzzleLocator */ = {
			isa = PBXNativeTarget;
			buildConfigurationList = 1C8059A12DA34FAF00A3E487 /* Build configuration list for PBXNativeTarget "PuzzleLocator" */;
			buildPhases = (
				1C8059772DA34FAA00A3E487 /* Sources */,
				1C8059782DA34FAA00A3E487 /* Frameworks */,
				1C8059792DA34FAA00A3E487 /* Resources */,
			);
			buildRules = (
			);
			dependencies = (
			);
			fileSystemSynchronizedGroups = (
				1C80597D2DA34FAA00A3E487 /* PuzzleLocator */,
			);
			name = PuzzleLocator;
			packageProductDependencies = (
			);
			productName = PuzzleLocator;
			productReference = 1C80597B2DA34FAA00A3E487 /* PuzzleLocator.app */;
			productType = "com.apple.product-type.application";
		};
		1C80598C2DA34FAE00A3E487 /* PuzzleLocatorTests */ = {
			isa = PBXNativeTarget;
			buildConfigurationList = 1C8059A42DA34FAF00A3E487 /* Build configuration list for PBXNativeTarget "PuzzleLocatorTests" */;
			buildPhases = (
				1C8059892DA34FAE00A3E487 /* Sources */,
				1C80598A2DA34FAE00A3E487 /* Frameworks */,
				1C80598B2DA34FAE00A3E487 /* Resources */,
			);
			buildRules = (
			);
			dependencies = (
				1C80598F2DA34FAE00A3E487 /* PBXTargetDependency */,
			);
			fileSystemSynchronizedGroups = (
				1C8059902DA34FAE00A3E487 /* PuzzleLocatorTests */,
			);
			name = PuzzleLocatorTests;
			packageProductDependencies = (
			);
			productName = PuzzleLocatorTests;
			productReference = 1C80598D2DA34FAE00A3E487 /* PuzzleLocatorTests.xctest */;
			productType = "com.apple.product-type.bundle.unit-test";
		};
		1C8059962DA34FAF00A3E487 /* PuzzleLocatorUITests */ = {
			isa = PBXNativeTarget;
			buildConfigurationList = 1C8059A72DA34FAF00A3E487 /* Build configuration list for PBXNativeTarget "PuzzleLocatorUITests" */;
			buildPhases = (
				1C8059932DA34FAF00A3E487 /* Sources */,
				1C8059942DA34FAF00A3E487 /* Frameworks */,
				1C8059952DA34FAF00A3E487 /* Resources */,
			);
			buildRules = (
			);
			dependencies = (
				1C8059992DA34FAF00A3E487 /* PBXTargetDependency */,
			);
			fileSystemSynchronizedGroups = (
				1C80599A2DA34FAF00A3E487 /* PuzzleLocatorUITests */,
			);
			name = PuzzleLocatorUITests;
			packageProductDependencies = (
			);
			productName = PuzzleLocatorUITests;
			productReference = 1C8059972DA34FAF00A3E487 /* PuzzleLocatorUITests.xctest */;
			productType = "com.apple.product-type.bundle.ui-testing";
		};
/* End PBXNativeTarget section */

/* Begin PBXProject section */
		1C8059732DA34FAA00A3E487 /* Project object */ = {
			isa = PBXProject;
			attributes = {
				BuildIndependentTargetsInParallel = 1;
				LastSwiftUpdateCheck = 1630;
				LastUpgradeCheck = 1630;
				TargetAttributes = {
					1C80597A2DA34FAA00A3E487 = {
						CreatedOnToolsVersion = 16.3;
					};
					1C80598C2DA34FAE00A3E487 = {
						CreatedOnToolsVersion = 16.3;
						TestTargetID = 1C80597A2DA34FAA00A3E487;
					};
					1C8059962DA34FAF00A3E487 = {
						CreatedOnToolsVersion = 16.3;
						TestTargetID = 1C80597A2DA34FAA00A3E487;
					};
				};
			};
			buildConfigurationList = 1C8059762DA34FAA00A3E487 /* Build configuration list for PBXProject "PuzzleLocator" */;
			developmentRegion = en;
			hasScannedForEncodings = 0;
			knownRegions = (
				en,
				Base,
			);
			mainGroup = 1C8059722DA34FAA00A3E487;
			minimizedProjectReferenceProxies = 1;
			preferredProjectObjectVersion = 77;
			productRefGroup = 1C80597C2DA34FAA00A3E487 /* Products */;
			projectDirPath = "";
			projectRoot = "";
			targets = (
				1C80597A2DA34FAA00A3E487 /* PuzzleLocator */,
				1C80598C2DA34FAE00A3E487 /* PuzzleLocatorTests */,
				1C8059962DA34FAF00A3E487 /* PuzzleLocatorUITests */,
			);
		};
/* End PBXProject section */

/* Begin PBXResourcesBuildPhase section */
		1C8059792DA34FAA00A3E487 /* Resources */ = {
			isa = PBXResourcesBuildPhase;
			buildActionMask = 2147483647;
			files = (
			);
			runOnlyForDeploymentPostprocessing = 0;
		};
		1C80598B2DA34FAE00A3E487 /* Resources */ = {
			isa = PBXResourcesBuildPhase;
			buildActionMask = 2147483647;
			files = (
			);
			runOnlyForDeploymentPostprocessing = 0;
		};
		1C8059952DA34FAF00A3E487 /* Resources */ = {
			isa = PBXResourcesBuildPhase;
			buildActionMask = 2147483647;
			files = (
			);
			runOnlyForDeploymentPostprocessing = 0;
		};
/* End PBXResourcesBuildPhase section */

/* Begin PBXSourcesBuildPhase section */
		1C8059772DA34FAA00A3E487 /* Sources */ = {
			isa = PBXSourcesBuildPhase;
			buildActionMask = 2147483647;
			files = (
			);
			runOnlyForDeploymentPostprocessing = 0;
		};
		1C8059892DA34FAE00A3E487 /* Sources */ = {
			isa = PBXSourcesBuildPhase;
			buildActionMask = 2147483647;
			files = (
			);
			runOnlyForDeploymentPostprocessing = 0;
		};
		1C8059932DA34FAF00A3E487 /* Sources */ = {
			isa = PBXSourcesBuildPhase;
			buildActionMask = 2147483647;
			files = (
			);
			runOnlyForDeploymentPostprocessing = 0;
		};
/* End PBXSourcesBuildPhase section */

/* Begin PBXTargetDependency section */
		1C80598F2DA34FAE00A3E487 /* PBXTargetDependency */ = {
			isa = PBXTargetDependency;
			target = 1C80597A2DA34FAA00A3E487 /* PuzzleLocator */;
			targetProxy = 1C80598E2DA34FAE00A3E487 /* PBXContainerItemProxy */;
		};
		1C8059992DA34FAF00A3E487 /* PBXTargetDependency */ = {
			isa = PBXTargetDependency;
			target = 1C80597A2DA34FAA00A3E487 /* PuzzleLocator */;
			targetProxy = 1C8059982DA34FAF00A3E487 /* PBXContainerItemProxy */;
		};
/* End PBXTargetDependency section */

/* Begin XCBuildConfiguration section */
		1C80599F2DA34FAF00A3E487 /* Debug */ = {
			isa = XCBuildConfiguration;
			buildSettings = {
				ALWAYS_SEARCH_USER_PATHS = NO;
				ASSETCATALOG_COMPILER_GENERATE_SWIFT_ASSET_SYMBOL_EXTENSIONS = YES;
				CLANG_ANALYZER_NONNULL = YES;
				CLANG_ANALYZER_NUMBER_OBJECT_CONVERSION = YES_AGGRESSIVE;
				CLANG_CXX_LANGUAGE_STANDARD = "gnu++20";
				CLANG_ENABLE_MODULES = YES;
				CLANG_ENABLE_OBJC_ARC = YES;
				CLANG_ENABLE_OBJC_WEAK = YES;
				CLANG_WARN_BLOCK_CAPTURE_AUTORELEASING = YES;
				CLANG_WARN_BOOL_CONVERSION = YES;
				CLANG_WARN_COMMA = YES;
				CLANG_WARN_CONSTANT_CONVERSION = YES;
				CLANG_WARN_DEPRECATED_OBJC_IMPLEMENTATIONS = YES;
				CLANG_WARN_DIRECT_OBJC_ISA_USAGE = YES_ERROR;
				CLANG_WARN_DOCUMENTATION_COMMENTS = YES;
				CLANG_WARN_EMPTY_BODY = YES;
				CLANG_WARN_ENUM_CONVERSION = YES;
				CLANG_WARN_INFINITE_RECURSION = YES;
				CLANG_WARN_INT_CONVERSION = YES;
				CLANG_WARN_NON_LITERAL_NULL_CONVERSION = YES;
				CLANG_WARN_OBJC_IMPLICIT_RETAIN_SELF = YES;
				CLANG_WARN_OBJC_LITERAL_CONVERSION = YES;
				CLANG_WARN_OBJC_ROOT_CLASS = YES_ERROR;
				CLANG_WARN_QUOTED_INCLUDE_IN_FRAMEWORK_HEADER = YES;
				CLANG_WARN_RANGE_LOOP_ANALYSIS = YES;
				CLANG_WARN_STRICT_PROTOTYPES = YES;
				CLANG_WARN_SUSPICIOUS_MOVE = YES;
				CLANG_WARN_UNGUARDED_AVAILABILITY = YES_AGGRESSIVE;
				CLANG_WARN_UNREACHABLE_CODE = YES;
				CLANG_WARN__DUPLICATE_METHOD_MATCH = YES;
				COPY_PHASE_STRIP = NO;
				DEBUG_INFORMATION_FORMAT = dwarf;
				DEVELOPMENT_TEAM = BTJJQSGHJG;
				ENABLE_STRICT_OBJC_MSGSEND = YES;
				ENABLE_TESTABILITY = YES;
				ENABLE_USER_SCRIPT_SANDBOXING = YES;
				GCC_C_LANGUAGE_STANDARD = gnu17;
				GCC_DYNAMIC_NO_PIC = NO;
				GCC_NO_COMMON_BLOCKS = YES;
				GCC_OPTIMIZATION_LEVEL = 0;
				GCC_PREPROCESSOR_DEFINITIONS = (
					"DEBUG=1",
					"$(inherited)",
				);
				GCC_WARN_64_TO_32_BIT_CONVERSION = YES;
				GCC_WARN_ABOUT_RETURN_TYPE = YES_ERROR;
				GCC_WARN_UNDECLARED_SELECTOR = YES;
				GCC_WARN_UNINITIALIZED_AUTOS = YES_AGGRESSIVE;
				GCC_WARN_UNUSED_FUNCTION = YES;
				GCC_WARN_UNUSED_VARIABLE = YES;
				IPHONEOS_DEPLOYMENT_TARGET = 18.4;
				LOCALIZATION_PREFERS_STRING_CATALOGS = YES;
				MTL_ENABLE_DEBUG_INFO = INCLUDE_SOURCE;
				MTL_FAST_MATH = YES;
				ONLY_ACTIVE_ARCH = YES;
				SDKROOT = iphoneos;
				SWIFT_ACTIVE_COMPILATION_CONDITIONS = "DEBUG $(inherited)";
				SWIFT_OPTIMIZATION_LEVEL = "-Onone";
			};
			name = Debug;
		};
		1C8059A02DA34FAF00A3E487 /* Release */ = {
			isa = XCBuildConfiguration;
			buildSettings = {
				ALWAYS_SEARCH_USER_PATHS = NO;
				ASSETCATALOG_COMPILER_GENERATE_SWIFT_ASSET_SYMBOL_EXTENSIONS = YES;
				CLANG_ANALYZER_NONNULL = YES;
				CLANG_ANALYZER_NUMBER_OBJECT_CONVERSION = YES_AGGRESSIVE;
				CLANG_CXX_LANGUAGE_STANDARD = "gnu++20";
				CLANG_ENABLE_MODULES = YES;
				CLANG_ENABLE_OBJC_ARC = YES;
				CLANG_ENABLE_OBJC_WEAK = YES;
				CLANG_WARN_BLOCK_CAPTURE_AUTORELEASING = YES;
				CLANG_WARN_BOOL_CONVERSION = YES;
				CLANG_WARN_COMMA = YES;
				CLANG_WARN_CONSTANT_CONVERSION = YES;
				CLANG_WARN_DEPRECATED_OBJC_IMPLEMENTATIONS = YES;
				CLANG_WARN_DIRECT_OBJC_ISA_USAGE = YES_ERROR;
				CLANG_WARN_DOCUMENTATION_COMMENTS = YES;
				CLANG_WARN_EMPTY_BODY = YES;
				CLANG_WARN_ENUM_CONVERSION = YES;
				CLANG_WARN_INFINITE_RECURSION = YES;
				CLANG_WARN_INT_CONVERSION = YES;
				CLANG_WARN_NON_LITERAL_NULL_CONVERSION = YES;
				CLANG_WARN_OBJC_IMPLICIT_RETAIN_SELF = YES;
				CLANG_WARN_OBJC_LITERAL_CONVERSION = YES;
				CLANG_WARN_OBJC_ROOT_CLASS = YES_ERROR;
				CLANG_WARN_QUOTED_INCLUDE_IN_FRAMEWORK_HEADER = YES;
				CLANG_WARN_RANGE_LOOP_ANALYSIS = YES;
				CLANG_WARN_STRICT_PROTOTYPES = YES;
				CLANG_WARN_SUSPICIOUS_MOVE = YES;
				CLANG_WARN_UNGUARDED_AVAILABILITY = YES_AGGRESSIVE;
				CLANG_WARN_UNREACHABLE_CODE = YES;
				CLANG_WARN__DUPLICATE_METHOD_MATCH = YES;
				COPY_PHASE_STRIP = NO;
				DEBUG_INFORMATION_FORMAT = "dwarf-with-dsym";
				DEVELOPMENT_TEAM = BTJJQSGHJG;
				ENABLE_NS_ASSERTIONS = NO;
				ENABLE_STRICT_OBJC_MSGSEND = YES;
				ENABLE_USER_SCRIPT_SANDBOXING = YES;
				GCC_C_LANGUAGE_STANDARD = gnu17;
				GCC_NO_COMMON_BLOCKS = YES;
				GCC_WARN_64_TO_32_BIT_CONVERSION = YES;
				GCC_WARN_ABOUT_RETURN_TYPE = YES_ERROR;
				GCC_WARN_UNDECLARED_SELECTOR = YES;
				GCC_WARN_UNINITIALIZED_AUTOS = YES_AGGRESSIVE;
				GCC_WARN_UNUSED_FUNCTION = YES;
				GCC_WARN_UNUSED_VARIABLE = YES;
				IPHONEOS_DEPLOYMENT_TARGET = 18.4;
				LOCALIZATION_PREFERS_STRING_CATALOGS = YES;
				MTL_ENABLE_DEBUG_INFO = NO;
				MTL_FAST_MATH = YES;
				SDKROOT = iphoneos;
				SWIFT_COMPILATION_MODE = wholemodule;
				VALIDATE_PRODUCT = YES;
			};
			name = Release;
		};
		1C8059A22DA34FAF00A3E487 /* Debug */ = {
			isa = XCBuildConfiguration;
			buildSettings = {
				ASSETCATALOG_COMPILER_APPICON_NAME = AppIcon;
				ASSETCATALOG_COMPILER_GLOBAL_ACCENT_COLOR_NAME = AccentColor;
				CODE_SIGN_STYLE = Automatic;
				CURRENT_PROJECT_VERSION = 1;
				DEVELOPMENT_TEAM = BTJJQSGHJG;
				ENABLE_PREVIEWS = YES;
				GENERATE_INFOPLIST_FILE = YES;
				INFOPLIST_KEY_UIApplicationSceneManifest_Generation = YES;
				INFOPLIST_KEY_UIApplicationSupportsIndirectInputEvents = YES;
				INFOPLIST_KEY_UILaunchScreen_Generation = YES;
				INFOPLIST_KEY_UISupportedInterfaceOrientations_iPad = "UIInterfaceOrientationPortrait UIInterfaceOrientationPortraitUpsideDown UIInterfaceOrientationLandscapeLeft UIInterfaceOrientationLandscapeRight";
				INFOPLIST_KEY_UISupportedInterfaceOrientations_iPhone = "UIInterfaceOrientationPortrait UIInterfaceOrientationLandscapeLeft UIInterfaceOrientationLandscapeRight";
				LD_RUNPATH_SEARCH_PATHS = (
					"$(inherited)",
					"@executable_path/Frameworks",
				);
				MARKETING_VERSION = 1.0;
				PRODUCT_BUNDLE_IDENTIFIER = com.puzzlelocator.www.PuzzleLocator;
				PRODUCT_NAME = "$(TARGET_NAME)";
				SWIFT_EMIT_LOC_STRINGS = YES;
				SWIFT_VERSION = 5.0;
				TARGETED_DEVICE_FAMILY = "1,2";
			};
			name = Debug;
		};
		1C8059A32DA34FAF00A3E487 /* Release */ = {
			isa = XCBuildConfiguration;
			buildSettings = {
				ASSETCATALOG_COMPILER_APPICON_NAME = AppIcon;
				ASSETCATALOG_COMPILER_GLOBAL_ACCENT_COLOR_NAME = AccentColor;
				CODE_SIGN_STYLE = Automatic;
				CURRENT_PROJECT_VERSION = 1;
				DEVELOPMENT_TEAM = BTJJQSGHJG;
				ENABLE_PREVIEWS = YES;
				GENERATE_INFOPLIST_FILE = YES;
				INFOPLIST_KEY_UIApplicationSceneManifest_Generation = YES;
				INFOPLIST_KEY_UIApplicationSupportsIndirectInputEvents = YES;
				INFOPLIST_KEY_UILaunchScreen_Generation = YES;
				INFOPLIST_KEY_UISupportedInterfaceOrientations_iPad = "UIInterfaceOrientationPortrait UIInterfaceOrientationPortraitUpsideDown UIInterfaceOrientationLandscapeLeft UIInterfaceOrientationLandscapeRight";
				INFOPLIST_KEY_UISupportedInterfaceOrientations_iPhone = "UIInterfaceOrientationPortrait UIInterfaceOrientationLandscapeLeft UIInterfaceOrientationLandscapeRight";
				LD_RUNPATH_SEARCH_PATHS = (
					"$(inherited)",
					"@executable_path/Frameworks",
				);
				MARKETING_VERSION = 1.0;
				PRODUCT_BUNDLE_IDENTIFIER = com.puzzlelocator.www.PuzzleLocator;
				PRODUCT_NAME = "$(TARGET_NAME)";
				SWIFT_EMIT_LOC_STRINGS = YES;
				SWIFT_VERSION = 5.0;
				TARGETED_DEVICE_FAMILY = "1,2";
			};
			name = Release;
		};
		1C8059A52DA34FAF00A3E487 /* Debug */ = {
			isa = XCBuildConfiguration;
			buildSettings = {
				BUNDLE_LOADER = "$(TEST_HOST)";
				CODE_SIGN_STYLE = Automatic;
				CURRENT_PROJECT_VERSION = 1;
				DEVELOPMENT_TEAM = BTJJQSGHJG;
				GENERATE_INFOPLIST_FILE = YES;
				IPHONEOS_DEPLOYMENT_TARGET = 18.4;
				MARKETING_VERSION = 1.0;
				PRODUCT_BUNDLE_IDENTIFIER = com.puzzlelocator.www.PuzzleLocatorTests;
				PRODUCT_NAME = "$(TARGET_NAME)";
				SWIFT_EMIT_LOC_STRINGS = NO;
				SWIFT_VERSION = 5.0;
				TARGETED_DEVICE_FAMILY = "1,2";
				TEST_HOST = "$(BUILT_PRODUCTS_DIR)/PuzzleLocator.app/$(BUNDLE_EXECUTABLE_FOLDER_PATH)/PuzzleLocator";
			};
			name = Debug;
		};
		1C8059A62DA34FAF00A3E487 /* Release */ = {
			isa = XCBuildConfiguration;
			buildSettings = {
				BUNDLE_LOADER = "$(TEST_HOST)";
				CODE_SIGN_STYLE = Automatic;
				CURRENT_PROJECT_VERSION = 1;
				DEVELOPMENT_TEAM = BTJJQSGHJG;
				GENERATE_INFOPLIST_FILE = YES;
				IPHONEOS_DEPLOYMENT_TARGET = 18.4;
				MARKETING_VERSION = 1.0;
				PRODUCT_BUNDLE_IDENTIFIER = com.puzzlelocator.www.PuzzleLocatorTests;
				PRODUCT_NAME = "$(TARGET_NAME)";
				SWIFT_EMIT_LOC_STRINGS = NO;
				SWIFT_VERSION = 5.0;
				TARGETED_DEVICE_FAMILY = "1,2";
				TEST_HOST = "$(BUILT_PRODUCTS_DIR)/PuzzleLocator.app/$(BUNDLE_EXECUTABLE_FOLDER_PATH)/PuzzleLocator";
			};
			name = Release;
		};
		1C8059A82DA34FAF00A3E487 /* Debug */ = {
			isa = XCBuildConfiguration;
			buildSettings = {
				CODE_SIGN_STYLE = Automatic;
				CURRENT_PROJECT_VERSION = 1;
				DEVELOPMENT_TEAM = BTJJQSGHJG;
				GENERATE_INFOPLIST_FILE = YES;
				MARKETING_VERSION = 1.0;
				PRODUCT_BUNDLE_IDENTIFIER = com.puzzlelocator.www.PuzzleLocatorUITests;
				PRODUCT_NAME = "$(TARGET_NAME)";
				SWIFT_EMIT_LOC_STRINGS = NO;
				SWIFT_VERSION = 5.0;
				TARGETED_DEVICE_FAMILY = "1,2";
				TEST_TARGET_NAME = PuzzleLocator;
			};
			name = Debug;
		};
		1C8059A92DA34FAF00A3E487 /* Release */ = {
			isa = XCBuildConfiguration;
			buildSettings = {
				CODE_SIGN_STYLE = Automatic;
				CURRENT_PROJECT_VERSION = 1;
				DEVELOPMENT_TEAM = BTJJQSGHJG;
				GENERATE_INFOPLIST_FILE = YES;
				MARKETING_VERSION = 1.0;
				PRODUCT_BUNDLE_IDENTIFIER = com.puzzlelocator.www.PuzzleLocatorUITests;
				PRODUCT_NAME = "$(TARGET_NAME)";
				SWIFT_EMIT_LOC_STRINGS = NO;
				SWIFT_VERSION = 5.0;
				TARGETED_DEVICE_FAMILY = "1,2";
				TEST_TARGET_NAME = PuzzleLocator;
			};
			name = Release;
		};
/* End XCBuildConfiguration section */

/* Begin XCConfigurationList section */
		1C8059762DA34FAA00A3E487 /* Build configuration list for PBXProject "PuzzleLocator" */ = {
			isa = XCConfigurationList;
			buildConfigurations = (
				1C80599F2DA34FAF00A3E487 /* Debug */,
				1C8059A02DA34FAF00A3E487 /* Release */,
			);
			defaultConfigurationIsVisible = 0;
			defaultConfigurationName = Release;
		};
		1C8059A12DA34FAF00A3E487 /* Build configuration list for PBXNativeTarget "PuzzleLocator" */ = {
			isa = XCConfigurationList;
			buildConfigurations = (
				1C8059A22DA34FAF00A3E487 /* Debug */,
				1C8059A32DA34FAF00A3E487 /* Release */,
			);
			defaultConfigurationIsVisible = 0;
			defaultConfigurationName = Release;
		};
		1C8059A42DA34FAF00A3E487 /* Build configuration list for PBXNativeTarget "PuzzleLocatorTests" */ = {
			isa = XCConfigurationList;
			buildConfigurations = (
				1C8059A52DA34FAF00A3E487 /* Debug */,
				1C8059A62DA34FAF00A3E487 /* Release */,
			);
			defaultConfigurationIsVisible = 0;
			defaultConfigurationName = Release;
		};
		1C8059A72DA34FAF00A3E487 /* Build configuration list for PBXNativeTarget "PuzzleLocatorUITests" */ = {
			isa = XCConfigurationList;
			buildConfigurations = (
				1C8059A82DA34FAF00A3E487 /* Debug */,
				1C8059A92DA34FAF00A3E487 /* Release */,
			);
			defaultConfigurationIsVisible = 0;
			defaultConfigurationName = Release;
		};
/* End XCConfigurationList section */
	};
	rootObject = 1C8059732DA34FAA00A3E487 /* Project object */;
}
